{
	"name": "architecture-to-c4",
	"version": "0.1.0",
	"lockfileVersion": 3,
	"requires": true,
	"packages": {
		"": {
			"name": "architecture-to-c4",
			"version": "0.1.0",
			"license": "GPL-2.0-or-later",
			"devDependencies": {
				"@types/node": "20.17.10",
				"markdown-it": "12.3.2",
				"typescript": "^6.0.3"
			}
		},
		"node_modules/@types/node": {
			"version": "20.17.10",
			"resolved": "https://registry.npmjs.org/@types/node/-/node-20.17.10.tgz",
			"integrity": "sha512-/jrvh5h6NXhEauFFexRin69nA0uHJ5gwk4iDivp/DeoEua3uwCUto6PC86IpRITBOs4+6i2I56K5x5b6WYGXHA==",
			"dev": true,
			"license": "MIT",
			"dependencies": {
				"undici-types": "~6.19.2"
			}
		},
		"node_modules/markdown-it": {
			"version": "12.3.2",
			"resolved": "https://registry.npmjs.org/markdown-it/-/markdown-it-12.3.2.tgz",
			"integrity": "sha512-TchMembfxfNVpHkbtriWltGWc+m3xszaRD0CZup7GFFhzIgQqxIfn3eGj1yZpfuflzPvfkt611B2Q/Bsk1YnGg==",
			"dev": true,
			"license": "MIT",
			"dependencies": {
				"argparse": "^2.0.1",
				"entities": "~2.1.0",
				"linkify-it": "^3.0.1",
				"mdurl": "^1.0.1",
				"uc.micro": "^1.0.5"
			},
			"bin": {
				"markdown-it": "bin/markdown-it.js"
			}
		},
		"node_modules/typescript": {
			"version": "6.0.3",
			"resolved": "https://registry.npmjs.org/typescript/-/typescript-6.0.3.tgz",
			"integrity": "sha512-y2TvuxSZPDyQakkFRPZHKFm+KKVqIisdg9/CZwm9ftvKXLP8NRWj38/ODjNbr43SsoXqNuAisEf1GdCxqWcdBw==",
			"devOptional": true,
			"license": "Apache-2.0",
			"bin": {
				"tsc": "bin/tsc",
				"tsserver": "bin/tsserver"
			},
			"engines": {
				"node": ">=14.17"
			}
		},
		"node_modules/undici-types": {
			"version": "6.19.8",
			"resolved": "https://registry.npmjs.org/undici-types/-/undici-types-6.19.8.tgz",
			"integrity": "sha512-ve2KP6f/JnbPBFyobGHuerC9g1FYGn/F8n1LWTwNxCEzd6IfqTwUQcNXgEtmmQ6DlRrC1hrSrBnCZPokRrDHjw==",
			"dev": true,
			"license": "MIT"
		},
		"node_modules/argparse": {
			"version": "1.0.10",
			"resolved": "https://registry.npmjs.org/argparse/-/argparse-1.0.10.tgz",
			"integrity": "sha512-o5Roy6tNG4SL/FOkCAN6RzjiakZS25RLYFrcMttJqbdd8BWrnA+fGz57iN5Pb06pvBGvl5gQ0B48dJlslXvoTg==",
			"dev": true,
			"license": "MIT",
			"dependencies": {
				"sprintf-js": "~1.0.2"
			}
		},
		"node_modules/entities": {
			"version": "4.5.0",
			"resolved": "https://registry.npmjs.org/entities/-/entities-4.5.0.tgz",
			"integrity": "sha512-V0hjH4dGPh9Ao5p0MoRY6BVqtwCjhz6vI5LT8AJ55H+4g9/4vbHx1I54fS0XuclLhDHArPQCiMjDxjaL8fPxhw==",
			"dev": true,
			"license": "BSD-2-Clause",
			"engines": {
				"node": ">=0.12"
			},
			"funding": {
				"url": "https://github.com/fb55/entities?sponsor=1"
			}
		},
		"node_modules/linkify-it": {
			"version": "3.0.3",
			"resolved": "https://registry.npmjs.org/linkify-it/-/linkify-it-3.0.3.tgz",
			"integrity": "sha512-ynTsyrFSdE5oZ/O9GEf00kPngmOfVwazR5GKDq6EYfhlpFug3J2zybX56a2PRRpc9P+FuSoGNAwjlbDs9jJBPQ==",
			"dev": true,
			"license": "MIT",
			"dependencies": {
				"uc.micro": "^1.0.1"
			}
		},
		"node_modules/mdurl": {
			"version": "1.0.1",
			"resolved": "https://registry.npmjs.org/mdurl/-/mdurl-1.0.1.tgz",
			"integrity": "sha512-/sKlQJCBYVY9Ers9hqzKou4H6V5UWc/M59TH2dvkt+84itfnq7uFOMLpOiOS4ujvHP4etln18fmIxA5R5fll0g==",
			"dev": true,
			"license": "MIT"
		},
		"node_modules/uc.micro": {
			"version": "1.0.6",
			"resolved": "https://registry.npmjs.org/uc.micro/-/uc.micro-1.0.6.tgz",
			"integrity": "sha512-8Y75pvTYkLJW2hWQHXxoqRgV7qb9B+9vFEtidML+7koHUFapnVJAZ6cKs+Qjz5Aw3aZWHMC6u0wJE3At+nSGwA==",
			"dev": true,
			"license": "MIT"
		},
		"node_modules/sprintf-js": {
			"version": "1.0.3",
			"resolved": "https://registry.npmjs.org/sprintf-js/-/sprintf-js-1.0.3.tgz",
			"integrity": "sha512-D9cPgkvLlV3t3IzL0D0YLvGA9Ahk4PcvVwUbN0dSGr1aP0Nrt4AEnTUbuGvquEC0mA64Gqt1fzirlRs5ibXx8g==",
			"dev": true,
			"license": "BSD-3-Clause"
		}
	}
}
